
Microsoft Visual Studio Solution File, Format Version 12.00
# Visual Studio Version 16
VisualStudioVersion = 16.0.32228.343
MinimumVisualStudioVersion = 10.0.40219.1
Project("{FAE04EC0-301F-11D3-BF4B-00C04F79EFBC}") = "Vidly2", "Vidly2\Vidly2.csproj", "{F15C0E47-80A5-41D3-B32C-C7AD4B40F4E8}"
EndProject
Global
	GlobalSection(SolutionConfigurationPlatforms) = preSolution
		Debug|Any CPU = Debug|Any CPU
		Release|Any CPU = Release|Any CPU
		Testing|Any CPU = Testing|Any CPU
	EndGlobalSection
	GlobalSection(ProjectConfigurationPlatforms) = postSolution
		{F15C0E47-80A5-41D3-B32C-C7AD4B40F4E8}.Debug|Any CPU.ActiveCfg = Debug|Any CPU
		{F15C0E47-80A5-41D3-B32C-C7AD4B40F4E8}.Debug|Any CPU.Build.0 = Debug|Any CPU
		{F15C0E47-80A5-41D3-B32C-C7AD4B40F4E8}.Release|Any CPU.ActiveCfg = Release|Any CPU
		{F15C0E47-80A5-41D3-B32C-C7AD4B40F4E8}.Release|Any CPU.Build.0 = Release|Any CPU
		{F15C0E47-80A5-41D3-B32C-C7AD4B40F4E8}.Testing|Any CPU.ActiveCfg = Testing|Any CPU
		{F15C0E47-80A5-41D3-B32C-C7AD4B40F4E8}.Testing|Any CPU.Build.0 = Testing|Any CPU
	EndGlobalSection
	GlobalSection(SolutionProperties) = preSolution
		HideSolutionNode = FALSE
	EndGlobalSection
	GlobalSection(ExtensibilityGlobals) = postSolution
		SolutionGuid = {ADE79FC0-5315-4445-83FC-E85FDC4A1A57}
	EndGlobalSection
EndGlobal
